
Microsoft Visual Studio Solution File, Format Version 12.00
# Visual Studio Version 16
VisualStudioVersion = 16.0.30523.141
MinimumVisualStudioVersion = 10.0.40219.1
Project("{FAE04EC0-301F-11D3-BF4B-00C04F79EFBC}") = "DoAn1_QLTV(User)", "DoAn1_QLTV(User)\DoAn1_QLTV(User).csproj", "{82931144-C940-422D-93D7-9655F46914D3}"
EndProject
Global
	GlobalSection(SolutionConfigurationPlatforms) = preSolution
		Debug|Any CPU = Debug|Any CPU
		Release|Any CPU = Release|Any CPU
	EndGlobalSection
	GlobalSection(ProjectConfigurationPlatforms) = postSolution
		{82931144-C940-422D-93D7-9655F46914D3}.Debug|Any CPU.ActiveCfg = Debug|Any CPU
		{82931144-C940-422D-93D7-9655F46914D3}.Debug|Any CPU.Build.0 = Debug|Any CPU
		{82931144-C940-422D-93D7-9655F46914D3}.Release|Any CPU.ActiveCfg = Release|Any CPU
		{82931144-C940-422D-93D7-9655F46914D3}.Release|Any CPU.Build.0 = Release|Any CPU
	EndGlobalSection
	GlobalSection(SolutionProperties) = preSolution
		HideSolutionNode = FALSE
	EndGlobalSection
	GlobalSection(ExtensibilityGlobals) = postSolution
		SolutionGuid = {045ED40F-D8AE-45C0-B744-BC685CA88DE1}
	EndGlobalSection
EndGlobal
